
Microsoft Visual Studio Solution File, Format Version 12.00
# Visual Studio Version 17
VisualStudioVersion = 17.5.002.0
MinimumVisualStudioVersion = 10.0.40219.1
Project("{9A19103F-16F7-4668-BE54-9A1E7A4F7556}") = "MemoryLeak9", "MemoryLeak9.csproj", "{3BB24B9C-C898-45DB-8D40-48FE1DDD8963}"
EndProject
Global
	GlobalSection(SolutionConfigurationPlatforms) = preSolution
		Debug|Any CPU = Debug|Any CPU
		Release|Any CPU = Release|Any CPU
	EndGlobalSection
	GlobalSection(ProjectConfigurationPlatforms) = postSolution
		{3BB24B9C-C898-45DB-8D40-48FE1DDD8963}.Debug|Any CPU.ActiveCfg = Debug|Any CPU
		{3BB24B9C-C898-45DB-8D40-48FE1DDD8963}.Debug|Any CPU.Build.0 = Debug|Any CPU
		{3BB24B9C-C898-45DB-8D40-48FE1DDD8963}.Release|Any CPU.ActiveCfg = Release|Any CPU
		{3BB24B9C-C898-45DB-8D40-48FE1DDD8963}.Release|Any CPU.Build.0 = Release|Any CPU
	EndGlobalSection
	GlobalSection(SolutionProperties) = preSolution
		HideSolutionNode = FALSE
	EndGlobalSection
	GlobalSection(ExtensibilityGlobals) = postSolution
		SolutionGuid = {F1A99EA8-3552-4988-9FB3-DF885772EE5F}
	EndGlobalSection
EndGlobal
